
Microsoft Visual Studio Solution File, Format Version 12.00
# Visual Studio Version 17
VisualStudioVersion = 17.5.002.0
MinimumVisualStudioVersion = 10.0.40219.1
Project("{9A19103F-16F7-4668-BE54-9A1E7A4F7556}") = "hungman", "hungman.csproj", "{4A2075C9-6615-45E9-9990-0546E631F883}"
EndProject
Global
	GlobalSection(SolutionConfigurationPlatforms) = preSolution
		Debug|Any CPU = Debug|Any CPU
		Release|Any CPU = Release|Any CPU
	EndGlobalSection
	GlobalSection(ProjectConfigurationPlatforms) = postSolution
		{4A2075C9-6615-45E9-9990-0546E631F883}.Debug|Any CPU.ActiveCfg = Debug|Any CPU
		{4A2075C9-6615-45E9-9990-0546E631F883}.Debug|Any CPU.Build.0 = Debug|Any CPU
		{4A2075C9-6615-45E9-9990-0546E631F883}.Release|Any CPU.ActiveCfg = Release|Any CPU
		{4A2075C9-6615-45E9-9990-0546E631F883}.Release|Any CPU.Build.0 = Release|Any CPU
	EndGlobalSection
	GlobalSection(SolutionProperties) = preSolution
		HideSolutionNode = FALSE
	EndGlobalSection
	GlobalSection(ExtensibilityGlobals) = postSolution
		SolutionGuid = {A0EB588A-F0D8-4212-AF18-D5BCABEA64BC}
	EndGlobalSection
EndGlobal
